
Microsoft Visual Studio Solution File, Format Version 12.00
# Visual Studio Version 17
VisualStudioVersion = 17.10.35013.160
MinimumVisualStudioVersion = 10.0.40219.1
Project("{FAE04EC0-301F-11D3-BF4B-00C04F79EFBC}") = "ConsoleChessBoard", "ConsoleChessBoard.csproj", "{EF861FA6-92E6-4B88-B026-BA3DAA8063C8}"
EndProject
Global
	GlobalSection(SolutionConfigurationPlatforms) = preSolution
		Debug|Any CPU = Debug|Any CPU
		Release|Any CPU = Release|Any CPU
	EndGlobalSection
	GlobalSection(ProjectConfigurationPlatforms) = postSolution
		{EF861FA6-92E6-4B88-B026-BA3DAA8063C8}.Debug|Any CPU.ActiveCfg = Debug|Any CPU
		{EF861FA6-92E6-4B88-B026-BA3DAA8063C8}.Debug|Any CPU.Build.0 = Debug|Any CPU
		{EF861FA6-92E6-4B88-B026-BA3DAA8063C8}.Release|Any CPU.ActiveCfg = Release|Any CPU
		{EF861FA6-92E6-4B88-B026-BA3DAA8063C8}.Release|Any CPU.Build.0 = Release|Any CPU
	EndGlobalSection
	GlobalSection(SolutionProperties) = preSolution
		HideSolutionNode = FALSE
	EndGlobalSection
	GlobalSection(ExtensibilityGlobals) = postSolution
		SolutionGuid = {247A6E1D-3E42-4154-AD23-557D22FBB8FE}
	EndGlobalSection
EndGlobal
